
Microsoft Visual Studio Solution File, Format Version 12.00
# Visual Studio Version 17
VisualStudioVersion = 17.13.35931.197 d17.13
MinimumVisualStudioVersion = 10.0.40219.1
Project("{FAE04EC0-301F-11D3-BF4B-00C04F79EFBC}") = "NET minimal API", "NET minimal API.csproj", "{01C52E6C-4D94-48FF-8974-9B0E728E3B44}"
EndProject
Global
	GlobalSection(SolutionConfigurationPlatforms) = preSolution
		Debug|Any CPU = Debug|Any CPU
		Release|Any CPU = Release|Any CPU
	EndGlobalSection
	GlobalSection(ProjectConfigurationPlatforms) = postSolution
		{01C52E6C-4D94-48FF-8974-9B0E728E3B44}.Debug|Any CPU.ActiveCfg = Debug|Any CPU
		{01C52E6C-4D94-48FF-8974-9B0E728E3B44}.Debug|Any CPU.Build.0 = Debug|Any CPU
		{01C52E6C-4D94-48FF-8974-9B0E728E3B44}.Release|Any CPU.ActiveCfg = Release|Any CPU
		{01C52E6C-4D94-48FF-8974-9B0E728E3B44}.Release|Any CPU.Build.0 = Release|Any CPU
	EndGlobalSection
	GlobalSection(SolutionProperties) = preSolution
		HideSolutionNode = FALSE
	EndGlobalSection
	GlobalSection(ExtensibilityGlobals) = postSolution
		SolutionGuid = {A4222374-9A11-4ABC-ACBA-F1D32BAE3CF2}
	EndGlobalSection
EndGlobal
